
Microsoft Visual Studio Solution File, Format Version 12.00
# Visual Studio Version 16
VisualStudioVersion = 16.0.30503.244
MinimumVisualStudioVersion = 10.0.40219.1
Project("{9A19103F-16F7-4668-BE54-9A1E7A4F7556}") = "Week01_1_Intro", "Week01_Intro\Week01_1_Intro.csproj", "{5A63746B-3048-4D13-87FF-D68BB590DDEF}"
EndProject
Project("{9A19103F-16F7-4668-BE54-9A1E7A4F7556}") = "Week01_2_Intro_UnitTests", "Week01_Intro_UnitTests\Week01_2_Intro_UnitTests.csproj", "{7D71DC60-3B23-4494-90B2-B8C43093153F}"
EndProject
Project("{2150E333-8FDC-42A3-9474-1A3956D46DE8}") = "Week01", "Week01", "{21192398-99A5-4046-8045-065F86D3EEFB}"
EndProject
Project("{9A19103F-16F7-4668-BE54-9A1E7A4F7556}") = "Week01_3_AssemblyDebug", "MyAssemblyClass\Week01_3_AssemblyDebug.csproj", "{2423B641-F558-417C-89BC-FC3E5F3B5E20}"
EndProject
Project("{9A19103F-16F7-4668-BE54-9A1E7A4F7556}") = "Week01_4_Lambda", "Week01_4_Lambda\Week01_4_Lambda.csproj", "{E3FDF27F-CA8C-415E-97A8-8851AE1AAB24}"
EndProject
Project("{2150E333-8FDC-42A3-9474-1A3956D46DE8}") = "Week02", "Week02", "{AA92CB09-97D1-47F7-841E-FA25B59C9703}"
EndProject
Project("{9A19103F-16F7-4668-BE54-9A1E7A4F7556}") = "Week02_1_Attributes", "Week02_1_Attributes\Week02_1_Attributes.csproj", "{4F63E131-7F92-4CB6-931F-9F1DDDBDC0C3}"
EndProject
Project("{9A19103F-16F7-4668-BE54-9A1E7A4F7556}") = "Week02_2_Serialization", "Week02_2_Serialization\Week02_2_Serialization.csproj", "{78B75CE5-943A-4186-A21F-6173D7C50304}"
EndProject
Project("{2150E333-8FDC-42A3-9474-1A3956D46DE8}") = "Week03", "Week03", "{35656634-19A8-41E3-A906-C04DE90B4351}"
EndProject
Project("{9A19103F-16F7-4668-BE54-9A1E7A4F7556}") = "Week03_1_Reflection", "Week03_1_Reflection\Week03_1_Reflection.csproj", "{CDDA7FA1-A8DB-4578-A5EB-B7E8A3D2A7A4}"
EndProject
Project("{9A19103F-16F7-4668-BE54-9A1E7A4F7556}") = "Week03_2_DynamicKeyword", "Week04_2_DynamicKeyword\Week03_2_DynamicKeyword.csproj", "{E84179A0-6318-493D-9304-DAF48E5BEF3F}"
EndProject
Project("{9A19103F-16F7-4668-BE54-9A1E7A4F7556}") = "Week03_3_SqlQueryBuilderEx", "Week03_3_SqlQueryBuilderEx\Week03_3_SqlQueryBuilderEx.csproj", "{469803E8-FAFB-4C76-B019-DF8167BDC6B3}"
EndProject
Project("{2150E333-8FDC-42A3-9474-1A3956D46DE8}") = "Week04", "Week04", "{A4CAB104-BBDA-4B13-8D64-40C6584F46F1}"
EndProject
Project("{9A19103F-16F7-4668-BE54-9A1E7A4F7556}") = "Week04_1_ConstantExpressions", "Week04_1_ConstantExpressions\Week04_1_ConstantExpressions.csproj", "{CD2D7CE0-7920-49DB-96B4-BAF87C7BD3C3}"
EndProject
Project("{9A19103F-16F7-4668-BE54-9A1E7A4F7556}") = "Week04_2_BinaryExpressions", "Week04_2_BinaryExpressions\Week04_2_BinaryExpressions.csproj", "{9F6CA9C2-8DD8-4B44-B92D-E4C0AC9524C1}"
EndProject
Project("{9A19103F-16F7-4668-BE54-9A1E7A4F7556}") = "Week04_3_MethodCallExpressions", "Week04_3_MethodCallExpressions\Week04_3_MethodCallExpressions.csproj", "{A3B77355-BA45-4FF7-9B78-8B2B8D5F9555}"
EndProject
Project("{9A19103F-16F7-4668-BE54-9A1E7A4F7556}") = "Week04_4_ExpressionVisitor", "Week04_4_ExpressionVisitor\Week04_4_ExpressionVisitor.csproj", "{2B362BFB-5480-4EDD-9F19-B70655F4AB00}"
EndProject
Project("{2150E333-8FDC-42A3-9474-1A3956D46DE8}") = "Week05", "Week05", "{25C931D8-94DF-4FA5-A402-937E225475EA}"
EndProject
Project("{9A19103F-16F7-4668-BE54-9A1E7A4F7556}") = "Week05_1_AsyncEx", "Week05_1_AsyncEx\Week05_1_AsyncEx.csproj", "{6BC3A69A-A1D7-4405-B157-AB816A6BA2BE}"
EndProject
Project("{9A19103F-16F7-4668-BE54-9A1E7A4F7556}") = "Week05_2_ErrorHandling", "Week05_2_ErrorHandling\Week05_2_ErrorHandling.csproj", "{087E8FE7-ECD8-4A38-8936-A39FD5DE459C}"
EndProject
Project("{9A19103F-16F7-4668-BE54-9A1E7A4F7556}") = "Week05_3_MultiTask_WhenAny", "Week05_3_MultiTask_WhenAny\Week05_3_MultiTask_WhenAny.csproj", "{E7986890-0D99-4C73-AB48-B755D28250F5}"
EndProject
Project("{2150E333-8FDC-42A3-9474-1A3956D46DE8}") = "Week06", "Week06", "{B9A6F3B9-410B-4480-8B9F-4B155985E592}"
EndProject
Project("{2150E333-8FDC-42A3-9474-1A3956D46DE8}") = "Week07", "Week07", "{E07A94D2-4FB7-4AD1-9E26-1BC6A7BB819E}"
EndProject
Project("{9A19103F-16F7-4668-BE54-9A1E7A4F7556}") = "Week06_1_AsyncProgrammingModel", "Week06_1_AsyncProgrammingModel\Week06_1_AsyncProgrammingModel.csproj", "{04508160-0358-493A-8A50-6C42B987874B}"
EndProject
Project("{9A19103F-16F7-4668-BE54-9A1E7A4F7556}") = "Week06_2_AsyncDatabaseAccess", "Week06_2_AsyncDatabaseAccess\Week06_2_AsyncDatabaseAccess.csproj", "{3E3C1234-273F-41E4-9D9E-4E448E07A978}"
EndProject
Project("{9A19103F-16F7-4668-BE54-9A1E7A4F7556}") = "Week06_3_TaskBasedAsyncPattern", "Week06_3_TaskBasedAsyncPattern\Week06_3_TaskBasedAsyncPattern.csproj", "{CECDE506-62AD-458D-9FC1-997EE2F3C65D}"
EndProject
Project("{FAE04EC0-301F-11D3-BF4B-00C04F79EFBC}") = "Week07_1_HttpListenerEx", "Week07_1_HttpListenerEx\Week07_1_HttpListenerEx.csproj", "{D79CAC45-4FDB-40CB-ADA6-7F05BA72C1BF}"
EndProject
Global
	GlobalSection(SolutionConfigurationPlatforms) = preSolution
		Debug|Any CPU = Debug|Any CPU
		Release|Any CPU = Release|Any CPU
	EndGlobalSection
	GlobalSection(ProjectConfigurationPlatforms) = postSolution
		{5A63746B-3048-4D13-87FF-D68BB590DDEF}.Debug|Any CPU.ActiveCfg = Debug|Any CPU
		{5A63746B-3048-4D13-87FF-D68BB590DDEF}.Debug|Any CPU.Build.0 = Debug|Any CPU
		{5A63746B-3048-4D13-87FF-D68BB590DDEF}.Release|Any CPU.ActiveCfg = Release|Any CPU
		{5A63746B-3048-4D13-87FF-D68BB590DDEF}.Release|Any CPU.Build.0 = Release|Any CPU
		{7D71DC60-3B23-4494-90B2-B8C43093153F}.Debug|Any CPU.ActiveCfg = Debug|Any CPU
		{7D71DC60-3B23-4494-90B2-B8C43093153F}.Debug|Any CPU.Build.0 = Debug|Any CPU
		{7D71DC60-3B23-4494-90B2-B8C43093153F}.Release|Any CPU.ActiveCfg = Release|Any CPU
		{7D71DC60-3B23-4494-90B2-B8C43093153F}.Release|Any CPU.Build.0 = Release|Any CPU
		{2423B641-F558-417C-89BC-FC3E5F3B5E20}.Debug|Any CPU.ActiveCfg = Debug|Any CPU
		{2423B641-F558-417C-89BC-FC3E5F3B5E20}.Debug|Any CPU.Build.0 = Debug|Any CPU
		{2423B641-F558-417C-89BC-FC3E5F3B5E20}.Release|Any CPU.ActiveCfg = Release|Any CPU
		{2423B641-F558-417C-89BC-FC3E5F3B5E20}.Release|Any CPU.Build.0 = Release|Any CPU
		{E3FDF27F-CA8C-415E-97A8-8851AE1AAB24}.Debug|Any CPU.ActiveCfg = Debug|Any CPU
		{E3FDF27F-CA8C-415E-97A8-8851AE1AAB24}.Debug|Any CPU.Build.0 = Debug|Any CPU
		{E3FDF27F-CA8C-415E-97A8-8851AE1AAB24}.Release|Any CPU.ActiveCfg = Release|Any CPU
		{E3FDF27F-CA8C-415E-97A8-8851AE1AAB24}.Release|Any CPU.Build.0 = Release|Any CPU
		{4F63E131-7F92-4CB6-931F-9F1DDDBDC0C3}.Debug|Any CPU.ActiveCfg = Debug|Any CPU
		{4F63E131-7F92-4CB6-931F-9F1DDDBDC0C3}.Debug|Any CPU.Build.0 = Debug|Any CPU
		{4F63E131-7F92-4CB6-931F-9F1DDDBDC0C3}.Release|Any CPU.ActiveCfg = Release|Any CPU
		{4F63E131-7F92-4CB6-931F-9F1DDDBDC0C3}.Release|Any CPU.Build.0 = Release|Any CPU
		{78B75CE5-943A-4186-A21F-6173D7C50304}.Debug|Any CPU.ActiveCfg = Debug|Any CPU
		{78B75CE5-943A-4186-A21F-6173D7C50304}.Debug|Any CPU.Build.0 = Debug|Any CPU
		{78B75CE5-943A-4186-A21F-6173D7C50304}.Release|Any CPU.ActiveCfg = Release|Any CPU
		{78B75CE5-943A-4186-A21F-6173D7C50304}.Release|Any CPU.Build.0 = Release|Any CPU
		{CDDA7FA1-A8DB-4578-A5EB-B7E8A3D2A7A4}.Debug|Any CPU.ActiveCfg = Debug|Any CPU
		{CDDA7FA1-A8DB-4578-A5EB-B7E8A3D2A7A4}.Debug|Any CPU.Build.0 = Debug|Any CPU
		{CDDA7FA1-A8DB-4578-A5EB-B7E8A3D2A7A4}.Release|Any CPU.ActiveCfg = Release|Any CPU
		{CDDA7FA1-A8DB-4578-A5EB-B7E8A3D2A7A4}.Release|Any CPU.Build.0 = Release|Any CPU
		{E84179A0-6318-493D-9304-DAF48E5BEF3F}.Debug|Any CPU.ActiveCfg = Debug|Any CPU
		{E84179A0-6318-493D-9304-DAF48E5BEF3F}.Debug|Any CPU.Build.0 = Debug|Any CPU
		{E84179A0-6318-493D-9304-DAF48E5BEF3F}.Release|Any CPU.ActiveCfg = Release|Any CPU
		{E84179A0-6318-493D-9304-DAF48E5BEF3F}.Release|Any CPU.Build.0 = Release|Any CPU
		{469803E8-FAFB-4C76-B019-DF8167BDC6B3}.Debug|Any CPU.ActiveCfg = Debug|Any CPU
		{469803E8-FAFB-4C76-B019-DF8167BDC6B3}.Debug|Any CPU.Build.0 = Debug|Any CPU
		{469803E8-FAFB-4C76-B019-DF8167BDC6B3}.Release|Any CPU.ActiveCfg = Release|Any CPU
		{469803E8-FAFB-4C76-B019-DF8167BDC6B3}.Release|Any CPU.Build.0 = Release|Any CPU
		{CD2D7CE0-7920-49DB-96B4-BAF87C7BD3C3}.Debug|Any CPU.ActiveCfg = Debug|Any CPU
		{CD2D7CE0-7920-49DB-96B4-BAF87C7BD3C3}.Debug|Any CPU.Build.0 = Debug|Any CPU
		{CD2D7CE0-7920-49DB-96B4-BAF87C7BD3C3}.Release|Any CPU.ActiveCfg = Release|Any CPU
		{CD2D7CE0-7920-49DB-96B4-BAF87C7BD3C3}.Release|Any CPU.Build.0 = Release|Any CPU
		{9F6CA9C2-8DD8-4B44-B92D-E4C0AC9524C1}.Debug|Any CPU.ActiveCfg = Debug|Any CPU
		{9F6CA9C2-8DD8-4B44-B92D-E4C0AC9524C1}.Debug|Any CPU.Build.0 = Debug|Any CPU
		{9F6CA9C2-8DD8-4B44-B92D-E4C0AC9524C1}.Release|Any CPU.ActiveCfg = Release|Any CPU
		{9F6CA9C2-8DD8-4B44-B92D-E4C0AC9524C1}.Release|Any CPU.Build.0 = Release|Any CPU
		{A3B77355-BA45-4FF7-9B78-8B2B8D5F9555}.Debug|Any CPU.ActiveCfg = Debug|Any CPU
		{A3B77355-BA45-4FF7-9B78-8B2B8D5F9555}.Debug|Any CPU.Build.0 = Debug|Any CPU
		{A3B77355-BA45-4FF7-9B78-8B2B8D5F9555}.Release|Any CPU.ActiveCfg = Release|Any CPU
		{A3B77355-BA45-4FF7-9B78-8B2B8D5F9555}.Release|Any CPU.Build.0 = Release|Any CPU
		{2B362BFB-5480-4EDD-9F19-B70655F4AB00}.Debug|Any CPU.ActiveCfg = Debug|Any CPU
		{2B362BFB-5480-4EDD-9F19-B70655F4AB00}.Debug|Any CPU.Build.0 = Debug|Any CPU
		{2B362BFB-5480-4EDD-9F19-B70655F4AB00}.Release|Any CPU.ActiveCfg = Release|Any CPU
		{2B362BFB-5480-4EDD-9F19-B70655F4AB00}.Release|Any CPU.Build.0 = Release|Any CPU
		{6BC3A69A-A1D7-4405-B157-AB816A6BA2BE}.Debug|Any CPU.ActiveCfg = Debug|Any CPU
		{6BC3A69A-A1D7-4405-B157-AB816A6BA2BE}.Debug|Any CPU.Build.0 = Debug|Any CPU
		{6BC3A69A-A1D7-4405-B157-AB816A6BA2BE}.Release|Any CPU.ActiveCfg = Release|Any CPU
		{6BC3A69A-A1D7-4405-B157-AB816A6BA2BE}.Release|Any CPU.Build.0 = Release|Any CPU
		{087E8FE7-ECD8-4A38-8936-A39FD5DE459C}.Debug|Any CPU.ActiveCfg = Debug|Any CPU
		{087E8FE7-ECD8-4A38-8936-A39FD5DE459C}.Debug|Any CPU.Build.0 = Debug|Any CPU
		{087E8FE7-ECD8-4A38-8936-A39FD5DE459C}.Release|Any CPU.ActiveCfg = Release|Any CPU
		{087E8FE7-ECD8-4A38-8936-A39FD5DE459C}.Release|Any CPU.Build.0 = Release|Any CPU
		{E7986890-0D99-4C73-AB48-B755D28250F5}.Debug|Any CPU.ActiveCfg = Debug|Any CPU
		{E7986890-0D99-4C73-AB48-B755D28250F5}.Debug|Any CPU.Build.0 = Debug|Any CPU
		{E7986890-0D99-4C73-AB48-B755D28250F5}.Release|Any CPU.ActiveCfg = Release|Any CPU
		{E7986890-0D99-4C73-AB48-B755D28250F5}.Release|Any CPU.Build.0 = Release|Any CPU
		{04508160-0358-493A-8A50-6C42B987874B}.Debug|Any CPU.ActiveCfg = Debug|Any CPU
		{04508160-0358-493A-8A50-6C42B987874B}.Debug|Any CPU.Build.0 = Debug|Any CPU
		{04508160-0358-493A-8A50-6C42B987874B}.Release|Any CPU.ActiveCfg = Release|Any CPU
		{04508160-0358-493A-8A50-6C42B987874B}.Release|Any CPU.Build.0 = Release|Any CPU
		{3E3C1234-273F-41E4-9D9E-4E448E07A978}.Debug|Any CPU.ActiveCfg = Debug|Any CPU
		{3E3C1234-273F-41E4-9D9E-4E448E07A978}.Debug|Any CPU.Build.0 = Debug|Any CPU
		{3E3C1234-273F-41E4-9D9E-4E448E07A978}.Release|Any CPU.ActiveCfg = Release|Any CPU
		{3E3C1234-273F-41E4-9D9E-4E448E07A978}.Release|Any CPU.Build.0 = Release|Any CPU
		{CECDE506-62AD-458D-9FC1-997EE2F3C65D}.Debug|Any CPU.ActiveCfg = Debug|Any CPU
		{CECDE506-62AD-458D-9FC1-997EE2F3C65D}.Debug|Any CPU.Build.0 = Debug|Any CPU
		{CECDE506-62AD-458D-9FC1-997EE2F3C65D}.Release|Any CPU.ActiveCfg = Release|Any CPU
		{CECDE506-62AD-458D-9FC1-997EE2F3C65D}.Release|Any CPU.Build.0 = Release|Any CPU
		{D79CAC45-4FDB-40CB-ADA6-7F05BA72C1BF}.Debug|Any CPU.ActiveCfg = Debug|Any CPU
		{D79CAC45-4FDB-40CB-ADA6-7F05BA72C1BF}.Debug|Any CPU.Build.0 = Debug|Any CPU
		{D79CAC45-4FDB-40CB-ADA6-7F05BA72C1BF}.Release|Any CPU.ActiveCfg = Release|Any CPU
		{D79CAC45-4FDB-40CB-ADA6-7F05BA72C1BF}.Release|Any CPU.Build.0 = Release|Any CPU
	EndGlobalSection
	GlobalSection(SolutionProperties) = preSolution
		HideSolutionNode = FALSE
	EndGlobalSection
	GlobalSection(NestedProjects) = preSolution
		{5A63746B-3048-4D13-87FF-D68BB590DDEF} = {21192398-99A5-4046-8045-065F86D3EEFB}
		{7D71DC60-3B23-4494-90B2-B8C43093153F} = {21192398-99A5-4046-8045-065F86D3EEFB}
		{2423B641-F558-417C-89BC-FC3E5F3B5E20} = {21192398-99A5-4046-8045-065F86D3EEFB}
		{E3FDF27F-CA8C-415E-97A8-8851AE1AAB24} = {21192398-99A5-4046-8045-065F86D3EEFB}
		{4F63E131-7F92-4CB6-931F-9F1DDDBDC0C3} = {AA92CB09-97D1-47F7-841E-FA25B59C9703}
		{78B75CE5-943A-4186-A21F-6173D7C50304} = {AA92CB09-97D1-47F7-841E-FA25B59C9703}
		{CDDA7FA1-A8DB-4578-A5EB-B7E8A3D2A7A4} = {35656634-19A8-41E3-A906-C04DE90B4351}
		{E84179A0-6318-493D-9304-DAF48E5BEF3F} = {35656634-19A8-41E3-A906-C04DE90B4351}
		{469803E8-FAFB-4C76-B019-DF8167BDC6B3} = {35656634-19A8-41E3-A906-C04DE90B4351}
		{CD2D7CE0-7920-49DB-96B4-BAF87C7BD3C3} = {A4CAB104-BBDA-4B13-8D64-40C6584F46F1}
		{9F6CA9C2-8DD8-4B44-B92D-E4C0AC9524C1} = {A4CAB104-BBDA-4B13-8D64-40C6584F46F1}
		{A3B77355-BA45-4FF7-9B78-8B2B8D5F9555} = {A4CAB104-BBDA-4B13-8D64-40C6584F46F1}
		{2B362BFB-5480-4EDD-9F19-B70655F4AB00} = {A4CAB104-BBDA-4B13-8D64-40C6584F46F1}
		{6BC3A69A-A1D7-4405-B157-AB816A6BA2BE} = {25C931D8-94DF-4FA5-A402-937E225475EA}
		{087E8FE7-ECD8-4A38-8936-A39FD5DE459C} = {25C931D8-94DF-4FA5-A402-937E225475EA}
		{E7986890-0D99-4C73-AB48-B755D28250F5} = {25C931D8-94DF-4FA5-A402-937E225475EA}
		{04508160-0358-493A-8A50-6C42B987874B} = {B9A6F3B9-410B-4480-8B9F-4B155985E592}
		{3E3C1234-273F-41E4-9D9E-4E448E07A978} = {B9A6F3B9-410B-4480-8B9F-4B155985E592}
		{CECDE506-62AD-458D-9FC1-997EE2F3C65D} = {B9A6F3B9-410B-4480-8B9F-4B155985E592}
		{D79CAC45-4FDB-40CB-ADA6-7F05BA72C1BF} = {E07A94D2-4FB7-4AD1-9E26-1BC6A7BB819E}
	EndGlobalSection
	GlobalSection(ExtensibilityGlobals) = postSolution
		SolutionGuid = {64BC8012-B873-4BC7-8770-2C092AC3E4BB}
	EndGlobalSection
EndGlobal
